
Microsoft Visual Studio Solution File, Format Version 12.00
# Visual Studio 2013
VisualStudioVersion = 12.0.21005.1
MinimumVisualStudioVersion = 10.0.40219.1
Project("{FAE04EC0-301F-11D3-BF4B-00C04F79EFBC}") = "TheExchange.Domain", "TheExchange.Domain\TheExchange.Domain.csproj", "{272077CF-123E-4682-92B4-1DDF13D10042}"
EndProject
Project("{FAE04EC0-301F-11D3-BF4B-00C04F79EFBC}") = "TheExchange.Service", "TheExchange.Service\TheExchange.Service.csproj", "{D8EA9C63-1FED-4A79-B7A4-34EFE2341B7B}"
EndProject
Project("{FAE04EC0-301F-11D3-BF4B-00C04F79EFBC}") = "TheExchange.MVC", "TheExchange.MVC\TheExchange.MVC.csproj", "{4539BE20-13D0-47E4-91D8-2401805C5A39}"
EndProject
Project("{070BCB52-5A75-4F8C-A973-144AF0EAFCC9}") = "TheExchange.Mobile", "TheExchange.Mobile\TheExchange.Mobile.iceproj", "{9C494B67-A806-4A65-9E60-17DB47C5F080}"
EndProject
Global
	GlobalSection(SolutionConfigurationPlatforms) = preSolution
		Debug|Any CPU = Debug|Any CPU
		Release|Any CPU = Release|Any CPU
	EndGlobalSection
	GlobalSection(ProjectConfigurationPlatforms) = postSolution
		{272077CF-123E-4682-92B4-1DDF13D10042}.Debug|Any CPU.ActiveCfg = Debug|Any CPU
		{272077CF-123E-4682-92B4-1DDF13D10042}.Debug|Any CPU.Build.0 = Debug|Any CPU
		{272077CF-123E-4682-92B4-1DDF13D10042}.Release|Any CPU.ActiveCfg = Release|Any CPU
		{272077CF-123E-4682-92B4-1DDF13D10042}.Release|Any CPU.Build.0 = Release|Any CPU
		{D8EA9C63-1FED-4A79-B7A4-34EFE2341B7B}.Debug|Any CPU.ActiveCfg = Debug|Any CPU
		{D8EA9C63-1FED-4A79-B7A4-34EFE2341B7B}.Debug|Any CPU.Build.0 = Debug|Any CPU
		{D8EA9C63-1FED-4A79-B7A4-34EFE2341B7B}.Release|Any CPU.ActiveCfg = Release|Any CPU
		{D8EA9C63-1FED-4A79-B7A4-34EFE2341B7B}.Release|Any CPU.Build.0 = Release|Any CPU
		{4539BE20-13D0-47E4-91D8-2401805C5A39}.Debug|Any CPU.ActiveCfg = Debug|Any CPU
		{4539BE20-13D0-47E4-91D8-2401805C5A39}.Debug|Any CPU.Build.0 = Debug|Any CPU
		{4539BE20-13D0-47E4-91D8-2401805C5A39}.Release|Any CPU.ActiveCfg = Release|Any CPU
		{4539BE20-13D0-47E4-91D8-2401805C5A39}.Release|Any CPU.Build.0 = Release|Any CPU
		{9C494B67-A806-4A65-9E60-17DB47C5F080}.Debug|Any CPU.ActiveCfg = Debug|Any CPU
		{9C494B67-A806-4A65-9E60-17DB47C5F080}.Debug|Any CPU.Build.0 = Debug|Any CPU
		{9C494B67-A806-4A65-9E60-17DB47C5F080}.Release|Any CPU.ActiveCfg = Release|Any CPU
		{9C494B67-A806-4A65-9E60-17DB47C5F080}.Release|Any CPU.Build.0 = Release|Any CPU
	EndGlobalSection
	GlobalSection(SolutionProperties) = preSolution
		HideSolutionNode = FALSE
	EndGlobalSection
EndGlobal
